
Microsoft Visual Studio Solution File, Format Version 11.00
# Visual Studio 2010
# SharpDevelop 4.4
Project("{FAE04EC0-301F-11D3-BF4B-00C04F79EFBC}") = "SaxCloudCryptStorage", "SaxCloudCryptStorage.csproj", "{C30D3818-46BC-40F7-9DDD-6F3F2C30E835}"
EndProject
Global
	GlobalSection(SolutionConfigurationPlatforms) = preSolution
		Debug|Any CPU = Debug|Any CPU
		Release|Any CPU = Release|Any CPU
	EndGlobalSection
	GlobalSection(ProjectConfigurationPlatforms) = postSolution
		{C30D3818-46BC-40F7-9DDD-6F3F2C30E835}.Debug|Any CPU.Build.0 = Debug|Any CPU
		{C30D3818-46BC-40F7-9DDD-6F3F2C30E835}.Debug|Any CPU.ActiveCfg = Debug|Any CPU
		{C30D3818-46BC-40F7-9DDD-6F3F2C30E835}.Release|Any CPU.Build.0 = Release|Any CPU
		{C30D3818-46BC-40F7-9DDD-6F3F2C30E835}.Release|Any CPU.ActiveCfg = Release|Any CPU
	EndGlobalSection
EndGlobal
